{
  "nodes": {
    "nixpkgs": {
      "locked": {
        "lastModified": 1729850857,
        "narHash": "sha256-WvLXzNNnnw+qpFOmgaM3JUlNEH+T4s22b5i2oyyCpXE=",
        "owner": "NixOS",
        "repo": "nixpkgs",
        "rev": "41dea55321e5a999b17033296ac05fe8a8b5a257",
        "type": "github"
      },
      "original": {
        "owner": "NixOS",
        "ref": "nixpkgs-unstable",
        "repo": "nixpkgs",
        "type": "github"
      }
    },
    "root": {
      "inputs": {
        "nixpkgs": "nixpkgs",
        "vim-tera": "vim-tera"
      }
    },
    "vim-tera": {
      "flake": false,
      "locked": {
        "lastModified": 1716960700,
        "narHash": "sha256-Zs3rRAwTp9iZc5oOkiR88j7LX7YmDrEELXt29h+j55w=",
        "owner": "vkhitrin",
        "repo": "vim-tera",
        "rev": "235fb7e7e76dfffc0596fabc1e090880bce48844",
        "type": "github"
      },
      "original": {
        "owner": "vkhitrin",
        "repo": "vim-tera",
        "type": "github"
      }
    }
  },
  "root": "root",
  "version": 7
}
