{
  "nodes": {
    "nixpkgs": {
      "locked": {
        "lastModified": 1703438236,
        "narHash": "sha256-aqVBq1u09yFhL7bj1/xyUeJjzr92fXVvQSSEx6AdB1M=",
        "rev": "5f64a12a728902226210bf01d25ec6cbb9d9265b",
        "revCount": 562833,
        "type": "tarball",
        "url": "https://api.flakehub.com/f/pinned/NixOS/nixpkgs/0.1.562833%2Brev-5f64a12a728902226210bf01d25ec6cbb9d9265b/018ca9f4-42a7-7828-8331-3bf7a7b1ceb5/source.tar.gz"
      },
      "original": {
        "type": "tarball",
        "url": "https://flakehub.com/f/NixOS/nixpkgs/0.1.0.tar.gz"
      }
    },
    "root": {
      "inputs": {
        "nixpkgs": "nixpkgs",
        "tree-sitter-just": "tree-sitter-just"
      }
    },
    "tree-sitter-just": {
      "flake": false,
      "locked": {
        "lastModified": 1679148267,
        "narHash": "sha256-Qs0Klt9uj6Vgs4vJrjKXYD8nNe8KYdWCnADvogm4/l0=",
        "owner": "IndianBoy42",
        "repo": "tree-sitter-just",
        "rev": "4e5f5f3ff37b12a1bbf664eb3966b3019e924594",
        "type": "github"
      },
      "original": {
        "owner": "IndianBoy42",
        "repo": "tree-sitter-just",
        "type": "github"
      }
    }
  },
  "root": "root",
  "version": 7
}
